
Microsoft Visual Studio Solution File, Format Version 12.00
# Visual Studio Version 17
VisualStudioVersion = 17.6.33829.357
MinimumVisualStudioVersion = 10.0.40219.1
Project("{FAE04EC0-301F-11D3-BF4B-00C04F79EFBC}") = "MongoDBDemo", "MongoDBDemo\MongoDBDemo.csproj", "{6CB82B7F-8DDC-4406-8833-08AECC65DC8B}"
EndProject
Global
	GlobalSection(SolutionConfigurationPlatforms) = preSolution
		Debug|Any CPU = Debug|Any CPU
		Release|Any CPU = Release|Any CPU
	EndGlobalSection
	GlobalSection(ProjectConfigurationPlatforms) = postSolution
		{6CB82B7F-8DDC-4406-8833-08AECC65DC8B}.Debug|Any CPU.ActiveCfg = Debug|Any CPU
		{6CB82B7F-8DDC-4406-8833-08AECC65DC8B}.Debug|Any CPU.Build.0 = Debug|Any CPU
		{6CB82B7F-8DDC-4406-8833-08AECC65DC8B}.Release|Any CPU.ActiveCfg = Release|Any CPU
		{6CB82B7F-8DDC-4406-8833-08AECC65DC8B}.Release|Any CPU.Build.0 = Release|Any CPU
	EndGlobalSection
	GlobalSection(SolutionProperties) = preSolution
		HideSolutionNode = FALSE
	EndGlobalSection
	GlobalSection(ExtensibilityGlobals) = postSolution
		SolutionGuid = {232A5E0D-B6A9-4FCF-95D5-EF90A3BBF566}
	EndGlobalSection
EndGlobal
